
Microsoft Visual Studio Solution File, Format Version 12.00
# Visual Studio Version 17
VisualStudioVersion = 17.6.33723.286
MinimumVisualStudioVersion = 10.0.40219.1
Project("{FAE04EC0-301F-11D3-BF4B-00C04F79EFBC}") = "BookStoreAPI", "BookStoreAPI\BookStoreAPI.csproj", "{A83C4982-DA25-4255-B1D9-73EED381412B}"
EndProject
Global
	GlobalSection(SolutionConfigurationPlatforms) = preSolution
		Debug|Any CPU = Debug|Any CPU
		Release|Any CPU = Release|Any CPU
	EndGlobalSection
	GlobalSection(ProjectConfigurationPlatforms) = postSolution
		{A83C4982-DA25-4255-B1D9-73EED381412B}.Debug|Any CPU.ActiveCfg = Debug|Any CPU
		{A83C4982-DA25-4255-B1D9-73EED381412B}.Debug|Any CPU.Build.0 = Debug|Any CPU
		{A83C4982-DA25-4255-B1D9-73EED381412B}.Release|Any CPU.ActiveCfg = Release|Any CPU
		{A83C4982-DA25-4255-B1D9-73EED381412B}.Release|Any CPU.Build.0 = Release|Any CPU
	EndGlobalSection
	GlobalSection(SolutionProperties) = preSolution
		HideSolutionNode = FALSE
	EndGlobalSection
	GlobalSection(ExtensibilityGlobals) = postSolution
		SolutionGuid = {6561C851-F694-4F65-9DA0-4655293A27B9}
	EndGlobalSection
EndGlobal
